
Microsoft Visual Studio Solution File, Format Version 12.00
# Visual Studio 14
VisualStudioVersion = 14.0.25420.1
MinimumVisualStudioVersion = 10.0.40219.1
Project("{FAE04EC0-301F-11D3-BF4B-00C04F79EFBC}") = "Blockbuster.MVC", "Blockbuster.MVC\Blockbuster.MVC.csproj", "{0450C541-0BD5-4250-A063-1D42A6F119B5}"
EndProject
Project("{2150E333-8FDC-42A3-9474-1A3956D46DE8}") = "01. Client", "01. Client", "{6935C004-E9E1-423C-995E-58AE56A58F6D}"
EndProject
Project("{2150E333-8FDC-42A3-9474-1A3956D46DE8}") = "02. RESTful", "02. RESTful", "{CB2CC4DB-FE76-4034-ADC2-30DAFF97D181}"
EndProject
Project("{2150E333-8FDC-42A3-9474-1A3956D46DE8}") = "03. Service", "03. Service", "{0AFB45F3-01FB-476B-B75E-9986866719B2}"
EndProject
Project("{2150E333-8FDC-42A3-9474-1A3956D46DE8}") = "04. Repository", "04. Repository", "{000514B9-1ECE-4E0C-8168-DD9AFDEC0D77}"
EndProject
Project("{2150E333-8FDC-42A3-9474-1A3956D46DE8}") = "05. Model", "05. Model", "{D13EFD24-6DE3-4F1A-A55A-660CDE33C7CF}"
EndProject
Project("{2150E333-8FDC-42A3-9474-1A3956D46DE8}") = "WebClient", "WebClient", "{2EA1D7B6-8B9F-43B8-BF88-1FE94616D396}"
EndProject
Project("{2150E333-8FDC-42A3-9474-1A3956D46DE8}") = "MobileClient", "MobileClient", "{C0FC8BD0-67C8-4999-8163-63D1533675EE}"
EndProject
Project("{2150E333-8FDC-42A3-9474-1A3956D46DE8}") = "DesktopClient", "DesktopClient", "{ED186016-CF48-4EB2-8002-4D0DC6D2F364}"
EndProject
Project("{FAE04EC0-301F-11D3-BF4B-00C04F79EFBC}") = "Blockbuster.BusinessModel", "Blockbuster.BusinessModel\Blockbuster.BusinessModel.csproj", "{BC247BFE-9F9D-4CB6-906F-1331C2B9231D}"
EndProject
Project("{FAE04EC0-301F-11D3-BF4B-00C04F79EFBC}") = "Blockbuster.Repositories", "Blockbuster.Repositories\Blockbuster.Repositories.csproj", "{A46D81DC-8A11-4F25-B53C-89C0A43A7DC9}"
EndProject
Project("{FAE04EC0-301F-11D3-BF4B-00C04F79EFBC}") = "Blockbuster.API", "Blockbuster.API\Blockbuster.API.csproj", "{6B51356B-F18D-4A82-8777-BE7A29D7A55B}"
EndProject
Global
	GlobalSection(SolutionConfigurationPlatforms) = preSolution
		Debug|Any CPU = Debug|Any CPU
		Release|Any CPU = Release|Any CPU
	EndGlobalSection
	GlobalSection(ProjectConfigurationPlatforms) = postSolution
		{0450C541-0BD5-4250-A063-1D42A6F119B5}.Debug|Any CPU.ActiveCfg = Debug|Any CPU
		{0450C541-0BD5-4250-A063-1D42A6F119B5}.Debug|Any CPU.Build.0 = Debug|Any CPU
		{0450C541-0BD5-4250-A063-1D42A6F119B5}.Release|Any CPU.ActiveCfg = Release|Any CPU
		{0450C541-0BD5-4250-A063-1D42A6F119B5}.Release|Any CPU.Build.0 = Release|Any CPU
		{BC247BFE-9F9D-4CB6-906F-1331C2B9231D}.Debug|Any CPU.ActiveCfg = Debug|Any CPU
		{BC247BFE-9F9D-4CB6-906F-1331C2B9231D}.Debug|Any CPU.Build.0 = Debug|Any CPU
		{BC247BFE-9F9D-4CB6-906F-1331C2B9231D}.Release|Any CPU.ActiveCfg = Release|Any CPU
		{BC247BFE-9F9D-4CB6-906F-1331C2B9231D}.Release|Any CPU.Build.0 = Release|Any CPU
		{A46D81DC-8A11-4F25-B53C-89C0A43A7DC9}.Debug|Any CPU.ActiveCfg = Debug|Any CPU
		{A46D81DC-8A11-4F25-B53C-89C0A43A7DC9}.Debug|Any CPU.Build.0 = Debug|Any CPU
		{A46D81DC-8A11-4F25-B53C-89C0A43A7DC9}.Release|Any CPU.ActiveCfg = Release|Any CPU
		{A46D81DC-8A11-4F25-B53C-89C0A43A7DC9}.Release|Any CPU.Build.0 = Release|Any CPU
		{6B51356B-F18D-4A82-8777-BE7A29D7A55B}.Debug|Any CPU.ActiveCfg = Debug|Any CPU
		{6B51356B-F18D-4A82-8777-BE7A29D7A55B}.Debug|Any CPU.Build.0 = Debug|Any CPU
		{6B51356B-F18D-4A82-8777-BE7A29D7A55B}.Release|Any CPU.ActiveCfg = Release|Any CPU
		{6B51356B-F18D-4A82-8777-BE7A29D7A55B}.Release|Any CPU.Build.0 = Release|Any CPU
	EndGlobalSection
	GlobalSection(SolutionProperties) = preSolution
		HideSolutionNode = FALSE
	EndGlobalSection
	GlobalSection(NestedProjects) = preSolution
		{0450C541-0BD5-4250-A063-1D42A6F119B5} = {2EA1D7B6-8B9F-43B8-BF88-1FE94616D396}
		{2EA1D7B6-8B9F-43B8-BF88-1FE94616D396} = {6935C004-E9E1-423C-995E-58AE56A58F6D}
		{C0FC8BD0-67C8-4999-8163-63D1533675EE} = {6935C004-E9E1-423C-995E-58AE56A58F6D}
		{ED186016-CF48-4EB2-8002-4D0DC6D2F364} = {6935C004-E9E1-423C-995E-58AE56A58F6D}
		{BC247BFE-9F9D-4CB6-906F-1331C2B9231D} = {D13EFD24-6DE3-4F1A-A55A-660CDE33C7CF}
		{A46D81DC-8A11-4F25-B53C-89C0A43A7DC9} = {000514B9-1ECE-4E0C-8168-DD9AFDEC0D77}
		{6B51356B-F18D-4A82-8777-BE7A29D7A55B} = {CB2CC4DB-FE76-4034-ADC2-30DAFF97D181}
	EndGlobalSection
EndGlobal
